// !$*UTF8*$!
{
	archiveVersion = 1;
	classes = {
	};
	objectVersion = 56;
	objects = {

/* Begin PBXBuildFile section */
		5440977A2DB2D495003E69E7 /* GestureAnimatorApp.swift in Sources */ = {isa = PBXBuildFile; fileRef = 544097792DB2D495003E69E7 /* GestureAnimatorApp.swift */; };
		5440977C2DB2D495003E69E7 /* ContentView.swift in Sources */ = {isa = PBXBuildFile; fileRef = 5440977B2DB2D495003E69E7 /* ContentView.swift */; };
		5440977E2DB2D497003E69E7 /* Assets.xcassets in Resources */ = {isa = PBXBuildFile; fileRef = 5440977D2DB2D497003E69E7 /* Assets.xcassets */; };
		544097812DB2D497003E69E7 /* Preview Assets.xcassets in Resources */ = {isa = PBXBuildFile; fileRef = 544097802DB2D497003E69E7 /* Preview Assets.xcassets */; };
		544097AA2DB2D553003E69E7 /* GestureAnimatable.swift in Sources */ = {isa = PBXBuildFile; fileRef = 544097A92DB2D553003E69E7 /* GestureAnimatable.swift */; };
		544097BB2DB2D623003E69E7 /* ZoomEffect.swift in Sources */ = {isa = PBXBuildFile; fileRef = 544097BA2DB2D623003E69E7 /* ZoomEffect.swift */; };
		544097C02DB2D68E003E69E7 /* DragEffect.swift in Sources */ = {isa = PBXBuildFile; fileRef = 544097BF2DB2D68E003E69E7 /* DragEffect.swift */; };
		544097EB2DB347F3003E69E7 /* ZoomViewModel.swift in Sources */ = {isa = PBXBuildFile; fileRef = 544097EA2DB347F3003E69E7 /* ZoomViewModel.swift */; };
		544097ED2DB348D9003E69E7 /* ZoomGestureTests.swift in Sources */ = {isa = PBXBuildFile; fileRef = 544097EC2DB348D9003E69E7 /* ZoomGestureTests.swift */; };
		544097EF2DB35753003E69E7 /* DragViewModel.swift in Sources */ = {isa = PBXBuildFile; fileRef = 544097EE2DB35753003E69E7 /* DragViewModel.swift */; };
		544097F12DB35790003E69E7 /* DragGestureTests.swift in Sources */ = {isa = PBXBuildFile; fileRef = 544097F02DB35790003E69E7 /* DragGestureTests.swift */; };
		544097F32DB3581F003E69E7 /* Package.swift in Sources */ = {isa = PBXBuildFile; fileRef = 544097F22DB3581F003E69E7 /* Package.swift */; };
		544097F62DB358AE003E69E7 /* RotateEffect.swift in Sources */ = {isa = PBXBuildFile; fileRef = 544097F52DB358AE003E69E7 /* RotateEffect.swift */; };
		544097F82DB358CD003E69E7 /* RotateViewModel.swift in Sources */ = {isa = PBXBuildFile; fileRef = 544097F72DB358CD003E69E7 /* RotateViewModel.swift */; };
		544097FA2DB35910003E69E7 /* RotateGestureTests.swift in Sources */ = {isa = PBXBuildFile; fileRef = 544097F92DB35910003E69E7 /* RotateGestureTests.swift */; };
		544097FD2DB35A1B003E69E7 /* MorphEffect.swift in Sources */ = {isa = PBXBuildFile; fileRef = 544097FC2DB35A1B003E69E7 /* MorphEffect.swift */; };
		544097FF2DB35A4D003E69E7 /* MorphViewModel.swift in Sources */ = {isa = PBXBuildFile; fileRef = 544097FE2DB35A4D003E69E7 /* MorphViewModel.swift */; };
		544098012DB35A7E003E69E7 /* MorphGestureTests.swift in Sources */ = {isa = PBXBuildFile; fileRef = 544098002DB35A7E003E69E7 /* MorphGestureTests.swift */; };
		544098042DB35AF1003E69E7 /* CustomPathEffect.swift in Sources */ = {isa = PBXBuildFile; fileRef = 544098032DB35AF1003E69E7 /* CustomPathEffect.swift */; };
		544098072DB35B41003E69E7 /* CustomPathViewModel.swift in Sources */ = {isa = PBXBuildFile; fileRef = 544098062DB35B41003E69E7 /* CustomPathViewModel.swift */; };
		544098092DB35BDB003E69E7 /* CustomPathTests.swift in Sources */ = {isa = PBXBuildFile; fileRef = 544098082DB35BDB003E69E7 /* CustomPathTests.swift */; };
		5440980C2DB35C6D003E69E7 /* GestureGalleryView.swift in Sources */ = {isa = PBXBuildFile; fileRef = 5440980B2DB35C6D003E69E7 /* GestureGalleryView.swift */; };
		5440980E2DB3679C003E69E7 /* MorphDemoView.swift in Sources */ = {isa = PBXBuildFile; fileRef = 5440980D2DB3679B003E69E7 /* MorphDemoView.swift */; };
		544098102DB368E7003E69E7 /* GestureAnimationState.swift in Sources */ = {isa = PBXBuildFile; fileRef = 5440980F2DB368E7003E69E7 /* GestureAnimationState.swift */; };
		544098152DB36B22003E69E7 /* README.md in Resources */ = {isa = PBXBuildFile; fileRef = 544098142DB36B22003E69E7 /* README.md */; };
		544098182DB36CF5003E69E7 /* ZoomViewModelTests.swift in Sources */ = {isa = PBXBuildFile; fileRef = 544098172DB36CF5003E69E7 /* ZoomViewModelTests.swift */; };
		5440981A2DB36D05003E69E7 /* DragViewModelTests.swift in Sources */ = {isa = PBXBuildFile; fileRef = 544098192DB36D05003E69E7 /* DragViewModelTests.swift */; };
		5440981C2DB36D17003E69E7 /* RotateViewModelTests.swift in Sources */ = {isa = PBXBuildFile; fileRef = 5440981B2DB36D17003E69E7 /* RotateViewModelTests.swift */; };
		5440981E2DB36D2F003E69E7 /* MorphViewModelTests.swift in Sources */ = {isa = PBXBuildFile; fileRef = 5440981D2DB36D2F003E69E7 /* MorphViewModelTests.swift */; };
		544098202DB36D43003E69E7 /* CustomPathViewModelTests.swift in Sources */ = {isa = PBXBuildFile; fileRef = 5440981F2DB36D43003E69E7 /* CustomPathViewModelTests.swift */; };
/* End PBXBuildFile section */

/* Begin PBXContainerItemProxy section */
		544097872DB2D497003E69E7 /* PBXContainerItemProxy */ = {
			isa = PBXContainerItemProxy;
			containerPortal = 5440976E2DB2D495003E69E7 /* Project object */;
			proxyType = 1;
			remoteGlobalIDString = 544097752DB2D495003E69E7;
			remoteInfo = GestureAnimator;
		};
		544097912DB2D497003E69E7 /* PBXContainerItemProxy */ = {
			isa = PBXContainerItemProxy;
			containerPortal = 5440976E2DB2D495003E69E7 /* Project object */;
			proxyType = 1;
			remoteGlobalIDString = 544097752DB2D495003E69E7;
			remoteInfo = GestureAnimator;
		};
/* End PBXContainerItemProxy section */

/* Begin PBXFileReference section */
		544097762DB2D495003E69E7 /* GestureAnimator.app */ = {isa = PBXFileReference; explicitFileType = wrapper.application; includeInIndex = 0; path = GestureAnimator.app; sourceTree = BUILT_PRODUCTS_DIR; };
		544097792DB2D495003E69E7 /* GestureAnimatorApp.swift */ = {isa = PBXFileReference; lastKnownFileType = sourcecode.swift; path = GestureAnimatorApp.swift; sourceTree = "<group>"; };
		5440977B2DB2D495003E69E7 /* ContentView.swift */ = {isa = PBXFileReference; lastKnownFileType = sourcecode.swift; path = ContentView.swift; sourceTree = "<group>"; };
		5440977D2DB2D497003E69E7 /* Assets.xcassets */ = {isa = PBXFileReference; lastKnownFileType = folder.assetcatalog; path = Assets.xcassets; sourceTree = "<group>"; };
		544097802DB2D497003E69E7 /* Preview Assets.xcassets */ = {isa = PBXFileReference; lastKnownFileType = folder.assetcatalog; path = "Preview Assets.xcassets"; sourceTree = "<group>"; };
		544097862DB2D497003E69E7 /* GestureAnimatorTests.xctest */ = {isa = PBXFileReference; explicitFileType = wrapper.cfbundle; includeInIndex = 0; path = GestureAnimatorTests.xctest; sourceTree = BUILT_PRODUCTS_DIR; };
		544097902DB2D497003E69E7 /* GestureAnimatorUITests.xctest */ = {isa = PBXFileReference; explicitFileType = wrapper.cfbundle; includeInIndex = 0; path = GestureAnimatorUITests.xctest; sourceTree = BUILT_PRODUCTS_DIR; };
		544097A92DB2D553003E69E7 /* GestureAnimatable.swift */ = {isa = PBXFileReference; lastKnownFileType = sourcecode.swift; path = GestureAnimatable.swift; sourceTree = "<group>"; };
		544097BA2DB2D623003E69E7 /* ZoomEffect.swift */ = {isa = PBXFileReference; lastKnownFileType = sourcecode.swift; path = ZoomEffect.swift; sourceTree = "<group>"; };
		544097BF2DB2D68E003E69E7 /* DragEffect.swift */ = {isa = PBXFileReference; lastKnownFileType = sourcecode.swift; path = DragEffect.swift; sourceTree = "<group>"; };
		544097EA2DB347F3003E69E7 /* ZoomViewModel.swift */ = {isa = PBXFileReference; lastKnownFileType = sourcecode.swift; path = ZoomViewModel.swift; sourceTree = "<group>"; };
		544097EC2DB348D9003E69E7 /* ZoomGestureTests.swift */ = {isa = PBXFileReference; lastKnownFileType = sourcecode.swift; path = ZoomGestureTests.swift; sourceTree = "<group>"; };
		544097EE2DB35753003E69E7 /* DragViewModel.swift */ = {isa = PBXFileReference; lastKnownFileType = sourcecode.swift; path = DragViewModel.swift; sourceTree = "<group>"; };
		544097F02DB35790003E69E7 /* DragGestureTests.swift */ = {isa = PBXFileReference; lastKnownFileType = sourcecode.swift; path = DragGestureTests.swift; sourceTree = "<group>"; };
		544097F22DB3581F003E69E7 /* Package.swift */ = {isa = PBXFileReference; lastKnownFileType = sourcecode.swift; path = Package.swift; sourceTree = "<group>"; };
		544097F52DB358AE003E69E7 /* RotateEffect.swift */ = {isa = PBXFileReference; lastKnownFileType = sourcecode.swift; path = RotateEffect.swift; sourceTree = "<group>"; };
		544097F72DB358CD003E69E7 /* RotateViewModel.swift */ = {isa = PBXFileReference; lastKnownFileType = sourcecode.swift; path = RotateViewModel.swift; sourceTree = "<group>"; };
		544097F92DB35910003E69E7 /* RotateGestureTests.swift */ = {isa = PBXFileReference; lastKnownFileType = sourcecode.swift; path = RotateGestureTests.swift; sourceTree = "<group>"; };
		544097FC2DB35A1B003E69E7 /* MorphEffect.swift */ = {isa = PBXFileReference; lastKnownFileType = sourcecode.swift; path = MorphEffect.swift; sourceTree = "<group>"; };
		544097FE2DB35A4D003E69E7 /* MorphViewModel.swift */ = {isa = PBXFileReference; lastKnownFileType = sourcecode.swift; path = MorphViewModel.swift; sourceTree = "<group>"; };
		544098002DB35A7E003E69E7 /* MorphGestureTests.swift */ = {isa = PBXFileReference; lastKnownFileType = sourcecode.swift; path = MorphGestureTests.swift; sourceTree = "<group>"; };
		544098032DB35AF1003E69E7 /* CustomPathEffect.swift */ = {isa = PBXFileReference; lastKnownFileType = sourcecode.swift; path = CustomPathEffect.swift; sourceTree = "<group>"; };
		544098062DB35B41003E69E7 /* CustomPathViewModel.swift */ = {isa = PBXFileReference; lastKnownFileType = sourcecode.swift; path = CustomPathViewModel.swift; sourceTree = "<group>"; };
		544098082DB35BDB003E69E7 /* CustomPathTests.swift */ = {isa = PBXFileReference; lastKnownFileType = sourcecode.swift; path = CustomPathTests.swift; sourceTree = "<group>"; };
		5440980B2DB35C6D003E69E7 /* GestureGalleryView.swift */ = {isa = PBXFileReference; lastKnownFileType = sourcecode.swift; path = GestureGalleryView.swift; sourceTree = "<group>"; };
		5440980D2DB3679B003E69E7 /* MorphDemoView.swift */ = {isa = PBXFileReference; lastKnownFileType = sourcecode.swift; path = MorphDemoView.swift; sourceTree = "<group>"; };
		5440980F2DB368E7003E69E7 /* GestureAnimationState.swift */ = {isa = PBXFileReference; lastKnownFileType = sourcecode.swift; path = GestureAnimationState.swift; sourceTree = "<group>"; };
		544098142DB36B22003E69E7 /* README.md */ = {isa = PBXFileReference; fileEncoding = 4; lastKnownFileType = net.daringfireball.markdown; path = README.md; sourceTree = "<group>"; };
		544098172DB36CF5003E69E7 /* ZoomViewModelTests.swift */ = {isa = PBXFileReference; lastKnownFileType = sourcecode.swift; path = ZoomViewModelTests.swift; sourceTree = "<group>"; };
		544098192DB36D05003E69E7 /* DragViewModelTests.swift */ = {isa = PBXFileReference; lastKnownFileType = sourcecode.swift; path = DragViewModelTests.swift; sourceTree = "<group>"; };
		5440981B2DB36D17003E69E7 /* RotateViewModelTests.swift */ = {isa = PBXFileReference; lastKnownFileType = sourcecode.swift; path = RotateViewModelTests.swift; sourceTree = "<group>"; };
		5440981D2DB36D2F003E69E7 /* MorphViewModelTests.swift */ = {isa = PBXFileReference; lastKnownFileType = sourcecode.swift; path = MorphViewModelTests.swift; sourceTree = "<group>"; };
		5440981F2DB36D43003E69E7 /* CustomPathViewModelTests.swift */ = {isa = PBXFileReference; lastKnownFileType = sourcecode.swift; path = CustomPathViewModelTests.swift; sourceTree = "<group>"; };
/* End PBXFileReference section */

/* Begin PBXFrameworksBuildPhase section */
		544097732DB2D495003E69E7 /* Frameworks */ = {
			isa = PBXFrameworksBuildPhase;
			buildActionMask = 2147483647;
			files = (
			);
			runOnlyForDeploymentPostprocessing = 0;
		};
		544097832DB2D497003E69E7 /* Frameworks */ = {
			isa = PBXFrameworksBuildPhase;
			buildActionMask = 2147483647;
			files = (
			);
			runOnlyForDeploymentPostprocessing = 0;
		};
		5440978D2DB2D497003E69E7 /* Frameworks */ = {
			isa = PBXFrameworksBuildPhase;
			buildActionMask = 2147483647;
			files = (
			);
			runOnlyForDeploymentPostprocessing = 0;
		};
/* End PBXFrameworksBuildPhase section */

/* Begin PBXGroup section */
		5440976D2DB2D495003E69E7 = {
			isa = PBXGroup;
			children = (
				544097782DB2D495003E69E7 /* GestureAnimator */,
				544097772DB2D495003E69E7 /* Products */,
			);
			sourceTree = "<group>";
		};
		544097772DB2D495003E69E7 /* Products */ = {
			isa = PBXGroup;
			children = (
				544097762DB2D495003E69E7 /* GestureAnimator.app */,
				544097862DB2D497003E69E7 /* GestureAnimatorTests.xctest */,
				544097902DB2D497003E69E7 /* GestureAnimatorUITests.xctest */,
			);
			name = Products;
			sourceTree = "<group>";
		};
		544097782DB2D495003E69E7 /* GestureAnimator */ = {
			isa = PBXGroup;
			children = (
				544098142DB36B22003E69E7 /* README.md */,
				544098212DB3701E003E69E7 /* Sources */,
				5440977D2DB2D497003E69E7 /* Assets.xcassets */,
				5440977F2DB2D497003E69E7 /* Preview Content */,
				54E1FE342DB3744E00E10987 /* Tests */,
				544097F22DB3581F003E69E7 /* Package.swift */,
			);
			path = GestureAnimator;
			sourceTree = "<group>";
		};
		5440977F2DB2D497003E69E7 /* Preview Content */ = {
			isa = PBXGroup;
			children = (
				544097802DB2D497003E69E7 /* Preview Assets.xcassets */,
			);
			path = "Preview Content";
			sourceTree = "<group>";
		};
		544097892DB2D497003E69E7 /* GestureAnimatorTests */ = {
			isa = PBXGroup;
			children = (
				544097F92DB35910003E69E7 /* RotateGestureTests.swift */,
				544097EC2DB348D9003E69E7 /* ZoomGestureTests.swift */,
				544097F02DB35790003E69E7 /* DragGestureTests.swift */,
				544098002DB35A7E003E69E7 /* MorphGestureTests.swift */,
				544098082DB35BDB003E69E7 /* CustomPathTests.swift */,
			);
			path = GestureAnimatorTests;
			sourceTree = "<group>";
		};
		544097A32DB2D4C3003E69E7 /* Core */ = {
			isa = PBXGroup;
			children = (
				544097A92DB2D553003E69E7 /* GestureAnimatable.swift */,
				5440980F2DB368E7003E69E7 /* GestureAnimationState.swift */,
				544097A42DB2D4D9003E69E7 /* Effects */,
				544098112DB36993003E69E7 /* ViewModels */,
			);
			path = Core;
			sourceTree = "<group>";
		};
		544097A42DB2D4D9003E69E7 /* Effects */ = {
			isa = PBXGroup;
			children = (
				544097BA2DB2D623003E69E7 /* ZoomEffect.swift */,
				544097BF2DB2D68E003E69E7 /* DragEffect.swift */,
				544097F52DB358AE003E69E7 /* RotateEffect.swift */,
				544097FC2DB35A1B003E69E7 /* MorphEffect.swift */,
				544098032DB35AF1003E69E7 /* CustomPathEffect.swift */,
				544097FB2DB35A09003E69E7 /* Morph */,
			);
			path = Effects;
			sourceTree = "<group>";
		};
		544097CF2DB2D80A003E69E7 /* Examples */ = {
			isa = PBXGroup;
			children = (
				5440980A2DB35C63003E69E7 /* DemoApp */,
			);
			path = Examples;
			sourceTree = "<group>";
		};
		544097FB2DB35A09003E69E7 /* Morph */ = {
			isa = PBXGroup;
			children = (
				5440980D2DB3679B003E69E7 /* MorphDemoView.swift */,
			);
			path = Morph;
			sourceTree = "<group>";
		};
		5440980A2DB35C63003E69E7 /* DemoApp */ = {
			isa = PBXGroup;
			children = (
				544097792DB2D495003E69E7 /* GestureAnimatorApp.swift */,
				5440980B2DB35C6D003E69E7 /* GestureGalleryView.swift */,
			);
			path = DemoApp;
			sourceTree = "<group>";
		};
		544098112DB36993003E69E7 /* ViewModels */ = {
			isa = PBXGroup;
			children = (
				544097EA2DB347F3003E69E7 /* ZoomViewModel.swift */,
				544097EE2DB35753003E69E7 /* DragViewModel.swift */,
				544097F72DB358CD003E69E7 /* RotateViewModel.swift */,
				544097FE2DB35A4D003E69E7 /* MorphViewModel.swift */,
				544098062DB35B41003E69E7 /* CustomPathViewModel.swift */,
			);
			path = ViewModels;
			sourceTree = "<group>";
		};
		544098162DB36CDB003E69E7 /* GestureAnimatorInternalTests */ = {
			isa = PBXGroup;
			children = (
				544098172DB36CF5003E69E7 /* ZoomViewModelTests.swift */,
				544098192DB36D05003E69E7 /* DragViewModelTests.swift */,
				5440981B2DB36D17003E69E7 /* RotateViewModelTests.swift */,
				5440981D2DB36D2F003E69E7 /* MorphViewModelTests.swift */,
				5440981F2DB36D43003E69E7 /* CustomPathViewModelTests.swift */,
			);
			path = GestureAnimatorInternalTests;
			sourceTree = "<group>";
		};
		544098212DB3701E003E69E7 /* Sources */ = {
			isa = PBXGroup;
			children = (
				544098222DB37048003E69E7 /* GestureAnimator */,
			);
			path = Sources;
			sourceTree = "<group>";
		};
		544098222DB37048003E69E7 /* GestureAnimator */ = {
			isa = PBXGroup;
			children = (
				544097A32DB2D4C3003E69E7 /* Core */,
				5440977B2DB2D495003E69E7 /* ContentView.swift */,
				544097CF2DB2D80A003E69E7 /* Examples */,
			);
			path = GestureAnimator;
			sourceTree = "<group>";
		};
		54E1FE342DB3744E00E10987 /* Tests */ = {
			isa = PBXGroup;
			children = (
				544097892DB2D497003E69E7 /* GestureAnimatorTests */,
				544098162DB36CDB003E69E7 /* GestureAnimatorInternalTests */,
			);
			path = Tests;
			sourceTree = "<group>";
		};
/* End PBXGroup section */

/* Begin PBXNativeTarget section */
		544097752DB2D495003E69E7 /* GestureAnimator */ = {
			isa = PBXNativeTarget;
			buildConfigurationList = 5440979A2DB2D497003E69E7 /* Build configuration list for PBXNativeTarget "GestureAnimator" */;
			buildPhases = (
				544097722DB2D495003E69E7 /* Sources */,
				544097732DB2D495003E69E7 /* Frameworks */,
				544097742DB2D495003E69E7 /* Resources */,
			);
			buildRules = (
			);
			dependencies = (
			);
			name = GestureAnimator;
			productName = GestureAnimator;
			productReference = 544097762DB2D495003E69E7 /* GestureAnimator.app */;
			productType = "com.apple.product-type.application";
		};
		544097852DB2D497003E69E7 /* GestureAnimatorTests */ = {
			isa = PBXNativeTarget;
			buildConfigurationList = 5440979D2DB2D497003E69E7 /* Build configuration list for PBXNativeTarget "GestureAnimatorTests" */;
			buildPhases = (
				544097822DB2D497003E69E7 /* Sources */,
				544097832DB2D497003E69E7 /* Frameworks */,
				544097842DB2D497003E69E7 /* Resources */,
			);
			buildRules = (
			);
			dependencies = (
				544097882DB2D497003E69E7 /* PBXTargetDependency */,
			);
			name = GestureAnimatorTests;
			productName = GestureAnimatorTests;
			productReference = 544097862DB2D497003E69E7 /* GestureAnimatorTests.xctest */;
			productType = "com.apple.product-type.bundle.unit-test";
		};
		5440978F2DB2D497003E69E7 /* GestureAnimatorUITests */ = {
			isa = PBXNativeTarget;
			buildConfigurationList = 544097A02DB2D497003E69E7 /* Build configuration list for PBXNativeTarget "GestureAnimatorUITests" */;
			buildPhases = (
				5440978C2DB2D497003E69E7 /* Sources */,
				5440978D2DB2D497003E69E7 /* Frameworks */,
				5440978E2DB2D497003E69E7 /* Resources */,
			);
			buildRules = (
			);
			dependencies = (
				544097922DB2D497003E69E7 /* PBXTargetDependency */,
			);
			name = GestureAnimatorUITests;
			productName = GestureAnimatorUITests;
			productReference = 544097902DB2D497003E69E7 /* GestureAnimatorUITests.xctest */;
			productType = "com.apple.product-type.bundle.ui-testing";
		};
/* End PBXNativeTarget section */

/* Begin PBXProject section */
		5440976E2DB2D495003E69E7 /* Project object */ = {
			isa = PBXProject;
			attributes = {
				BuildIndependentTargetsInParallel = 1;
				LastSwiftUpdateCheck = 1420;
				LastUpgradeCheck = 1420;
				TargetAttributes = {
					544097752DB2D495003E69E7 = {
						CreatedOnToolsVersion = 14.2;
					};
					544097852DB2D497003E69E7 = {
						CreatedOnToolsVersion = 14.2;
						TestTargetID = 544097752DB2D495003E69E7;
					};
					5440978F2DB2D497003E69E7 = {
						CreatedOnToolsVersion = 14.2;
						TestTargetID = 544097752DB2D495003E69E7;
					};
				};
			};
			buildConfigurationList = 544097712DB2D495003E69E7 /* Build configuration list for PBXProject "GestureAnimator" */;
			compatibilityVersion = "Xcode 14.0";
			developmentRegion = en;
			hasScannedForEncodings = 0;
			knownRegions = (
				en,
				Base,
			);
			mainGroup = 5440976D2DB2D495003E69E7;
			productRefGroup = 544097772DB2D495003E69E7 /* Products */;
			projectDirPath = "";
			projectRoot = "";
			targets = (
				544097752DB2D495003E69E7 /* GestureAnimator */,
				544097852DB2D497003E69E7 /* GestureAnimatorTests */,
				5440978F2DB2D497003E69E7 /* GestureAnimatorUITests */,
			);
		};
/* End PBXProject section */

/* Begin PBXResourcesBuildPhase section */
		544097742DB2D495003E69E7 /* Resources */ = {
			isa = PBXResourcesBuildPhase;
			buildActionMask = 2147483647;
			files = (
				544098152DB36B22003E69E7 /* README.md in Resources */,
				544097812DB2D497003E69E7 /* Preview Assets.xcassets in Resources */,
				5440977E2DB2D497003E69E7 /* Assets.xcassets in Resources */,
			);
			runOnlyForDeploymentPostprocessing = 0;
		};
		544097842DB2D497003E69E7 /* Resources */ = {
			isa = PBXResourcesBuildPhase;
			buildActionMask = 2147483647;
			files = (
			);
			runOnlyForDeploymentPostprocessing = 0;
		};
		5440978E2DB2D497003E69E7 /* Resources */ = {
			isa = PBXResourcesBuildPhase;
			buildActionMask = 2147483647;
			files = (
			);
			runOnlyForDeploymentPostprocessing = 0;
		};
/* End PBXResourcesBuildPhase section */

/* Begin PBXSourcesBuildPhase section */
		544097722DB2D495003E69E7 /* Sources */ = {
			isa = PBXSourcesBuildPhase;
			buildActionMask = 2147483647;
			files = (
				5440980C2DB35C6D003E69E7 /* GestureGalleryView.swift in Sources */,
				544097C02DB2D68E003E69E7 /* DragEffect.swift in Sources */,
				544097EF2DB35753003E69E7 /* DragViewModel.swift in Sources */,
				544098042DB35AF1003E69E7 /* CustomPathEffect.swift in Sources */,
				5440980E2DB3679C003E69E7 /* MorphDemoView.swift in Sources */,
				544098072DB35B41003E69E7 /* CustomPathViewModel.swift in Sources */,
				544097F62DB358AE003E69E7 /* RotateEffect.swift in Sources */,
				5440977C2DB2D495003E69E7 /* ContentView.swift in Sources */,
				544098102DB368E7003E69E7 /* GestureAnimationState.swift in Sources */,
				544097BB2DB2D623003E69E7 /* ZoomEffect.swift in Sources */,
				5440977A2DB2D495003E69E7 /* GestureAnimatorApp.swift in Sources */,
				544097EB2DB347F3003E69E7 /* ZoomViewModel.swift in Sources */,
				544097FF2DB35A4D003E69E7 /* MorphViewModel.swift in Sources */,
				544097F82DB358CD003E69E7 /* RotateViewModel.swift in Sources */,
				544097FD2DB35A1B003E69E7 /* MorphEffect.swift in Sources */,
				544097AA2DB2D553003E69E7 /* GestureAnimatable.swift in Sources */,
				544097F32DB3581F003E69E7 /* Package.swift in Sources */,
			);
			runOnlyForDeploymentPostprocessing = 0;
		};
		544097822DB2D497003E69E7 /* Sources */ = {
			isa = PBXSourcesBuildPhase;
			buildActionMask = 2147483647;
			files = (
				5440981A2DB36D05003E69E7 /* DragViewModelTests.swift in Sources */,
				544097FA2DB35910003E69E7 /* RotateGestureTests.swift in Sources */,
				544098092DB35BDB003E69E7 /* CustomPathTests.swift in Sources */,
				544097ED2DB348D9003E69E7 /* ZoomGestureTests.swift in Sources */,
				544098202DB36D43003E69E7 /* CustomPathViewModelTests.swift in Sources */,
				5440981C2DB36D17003E69E7 /* RotateViewModelTests.swift in Sources */,
				544098012DB35A7E003E69E7 /* MorphGestureTests.swift in Sources */,
				544098182DB36CF5003E69E7 /* ZoomViewModelTests.swift in Sources */,
				544097F12DB35790003E69E7 /* DragGestureTests.swift in Sources */,
				5440981E2DB36D2F003E69E7 /* MorphViewModelTests.swift in Sources */,
			);
			runOnlyForDeploymentPostprocessing = 0;
		};
		5440978C2DB2D497003E69E7 /* Sources */ = {
			isa = PBXSourcesBuildPhase;
			buildActionMask = 2147483647;
			files = (
			);
			runOnlyForDeploymentPostprocessing = 0;
		};
/* End PBXSourcesBuildPhase section */

/* Begin PBXTargetDependency section */
		544097882DB2D497003E69E7 /* PBXTargetDependency */ = {
			isa = PBXTargetDependency;
			target = 544097752DB2D495003E69E7 /* GestureAnimator */;
			targetProxy = 544097872DB2D497003E69E7 /* PBXContainerItemProxy */;
		};
		544097922DB2D497003E69E7 /* PBXTargetDependency */ = {
			isa = PBXTargetDependency;
			target = 544097752DB2D495003E69E7 /* GestureAnimator */;
			targetProxy = 544097912DB2D497003E69E7 /* PBXContainerItemProxy */;
		};
/* End PBXTargetDependency section */

/* Begin XCBuildConfiguration section */
		544097982DB2D497003E69E7 /* Debug */ = {
			isa = XCBuildConfiguration;
			buildSettings = {
				ALWAYS_SEARCH_USER_PATHS = NO;
				CLANG_ANALYZER_NONNULL = YES;
				CLANG_ANALYZER_NUMBER_OBJECT_CONVERSION = YES_AGGRESSIVE;
				CLANG_CXX_LANGUAGE_STANDARD = "gnu++20";
				CLANG_ENABLE_MODULES = YES;
				CLANG_ENABLE_OBJC_ARC = YES;
				CLANG_ENABLE_OBJC_WEAK = YES;
				CLANG_WARN_BLOCK_CAPTURE_AUTORELEASING = YES;
				CLANG_WARN_BOOL_CONVERSION = YES;
				CLANG_WARN_COMMA = YES;
				CLANG_WARN_CONSTANT_CONVERSION = YES;
				CLANG_WARN_DEPRECATED_OBJC_IMPLEMENTATIONS = YES;
				CLANG_WARN_DIRECT_OBJC_ISA_USAGE = YES_ERROR;
				CLANG_WARN_DOCUMENTATION_COMMENTS = YES;
				CLANG_WARN_EMPTY_BODY = YES;
				CLANG_WARN_ENUM_CONVERSION = YES;
				CLANG_WARN_INFINITE_RECURSION = YES;
				CLANG_WARN_INT_CONVERSION = YES;
				CLANG_WARN_NON_LITERAL_NULL_CONVERSION = YES;
				CLANG_WARN_OBJC_IMPLICIT_RETAIN_SELF = YES;
				CLANG_WARN_OBJC_LITERAL_CONVERSION = YES;
				CLANG_WARN_OBJC_ROOT_CLASS = YES_ERROR;
				CLANG_WARN_QUOTED_INCLUDE_IN_FRAMEWORK_HEADER = YES;
				CLANG_WARN_RANGE_LOOP_ANALYSIS = YES;
				CLANG_WARN_STRICT_PROTOTYPES = YES;
				CLANG_WARN_SUSPICIOUS_MOVE = YES;
				CLANG_WARN_UNGUARDED_AVAILABILITY = YES_AGGRESSIVE;
				CLANG_WARN_UNREACHABLE_CODE = YES;
				CLANG_WARN__DUPLICATE_METHOD_MATCH = YES;
				COPY_PHASE_STRIP = NO;
				DEBUG_INFORMATION_FORMAT = dwarf;
				ENABLE_STRICT_OBJC_MSGSEND = YES;
				ENABLE_TESTABILITY = YES;
				GCC_C_LANGUAGE_STANDARD = gnu11;
				GCC_DYNAMIC_NO_PIC = NO;
				GCC_NO_COMMON_BLOCKS = YES;
				GCC_OPTIMIZATION_LEVEL = 0;
				GCC_PREPROCESSOR_DEFINITIONS = (
					"DEBUG=1",
					"$(inherited)",
				);
				GCC_WARN_64_TO_32_BIT_CONVERSION = YES;
				GCC_WARN_ABOUT_RETURN_TYPE = YES_ERROR;
				GCC_WARN_UNDECLARED_SELECTOR = YES;
				GCC_WARN_UNINITIALIZED_AUTOS = YES_AGGRESSIVE;
				GCC_WARN_UNUSED_FUNCTION = YES;
				GCC_WARN_UNUSED_VARIABLE = YES;
				IPHONEOS_DEPLOYMENT_TARGET = 16.2;
				MTL_ENABLE_DEBUG_INFO = INCLUDE_SOURCE;
				MTL_FAST_MATH = YES;
				ONLY_ACTIVE_ARCH = YES;
				SDKROOT = iphoneos;
				SWIFT_ACTIVE_COMPILATION_CONDITIONS = DEBUG;
				SWIFT_OPTIMIZATION_LEVEL = "-Onone";
			};
			name = Debug;
		};
		544097992DB2D497003E69E7 /* Release */ = {
			isa = XCBuildConfiguration;
			buildSettings = {
				ALWAYS_SEARCH_USER_PATHS = NO;
				CLANG_ANALYZER_NONNULL = YES;
				CLANG_ANALYZER_NUMBER_OBJECT_CONVERSION = YES_AGGRESSIVE;
				CLANG_CXX_LANGUAGE_STANDARD = "gnu++20";
				CLANG_ENABLE_MODULES = YES;
				CLANG_ENABLE_OBJC_ARC = YES;
				CLANG_ENABLE_OBJC_WEAK = YES;
				CLANG_WARN_BLOCK_CAPTURE_AUTORELEASING = YES;
				CLANG_WARN_BOOL_CONVERSION = YES;
				CLANG_WARN_COMMA = YES;
				CLANG_WARN_CONSTANT_CONVERSION = YES;
				CLANG_WARN_DEPRECATED_OBJC_IMPLEMENTATIONS = YES;
				CLANG_WARN_DIRECT_OBJC_ISA_USAGE = YES_ERROR;
				CLANG_WARN_DOCUMENTATION_COMMENTS = YES;
				CLANG_WARN_EMPTY_BODY = YES;
				CLANG_WARN_ENUM_CONVERSION = YES;
				CLANG_WARN_INFINITE_RECURSION = YES;
				CLANG_WARN_INT_CONVERSION = YES;
				CLANG_WARN_NON_LITERAL_NULL_CONVERSION = YES;
				CLANG_WARN_OBJC_IMPLICIT_RETAIN_SELF = YES;
				CLANG_WARN_OBJC_LITERAL_CONVERSION = YES;
				CLANG_WARN_OBJC_ROOT_CLASS = YES_ERROR;
				CLANG_WARN_QUOTED_INCLUDE_IN_FRAMEWORK_HEADER = YES;
				CLANG_WARN_RANGE_LOOP_ANALYSIS = YES;
				CLANG_WARN_STRICT_PROTOTYPES = YES;
				CLANG_WARN_SUSPICIOUS_MOVE = YES;
				CLANG_WARN_UNGUARDED_AVAILABILITY = YES_AGGRESSIVE;
				CLANG_WARN_UNREACHABLE_CODE = YES;
				CLANG_WARN__DUPLICATE_METHOD_MATCH = YES;
				COPY_PHASE_STRIP = NO;
				DEBUG_INFORMATION_FORMAT = "dwarf-with-dsym";
				ENABLE_NS_ASSERTIONS = NO;
				ENABLE_STRICT_OBJC_MSGSEND = YES;
				GCC_C_LANGUAGE_STANDARD = gnu11;
				GCC_NO_COMMON_BLOCKS = YES;
				GCC_WARN_64_TO_32_BIT_CONVERSION = YES;
				GCC_WARN_ABOUT_RETURN_TYPE = YES_ERROR;
				GCC_WARN_UNDECLARED_SELECTOR = YES;
				GCC_WARN_UNINITIALIZED_AUTOS = YES_AGGRESSIVE;
				GCC_WARN_UNUSED_FUNCTION = YES;
				GCC_WARN_UNUSED_VARIABLE = YES;
				IPHONEOS_DEPLOYMENT_TARGET = 16.2;
				MTL_ENABLE_DEBUG_INFO = NO;
				MTL_FAST_MATH = YES;
				SDKROOT = iphoneos;
				SWIFT_COMPILATION_MODE = wholemodule;
				SWIFT_OPTIMIZATION_LEVEL = "-O";
				VALIDATE_PRODUCT = YES;
			};
			name = Release;
		};
		5440979B2DB2D497003E69E7 /* Debug */ = {
			isa = XCBuildConfiguration;
			buildSettings = {
				ASSETCATALOG_COMPILER_APPICON_NAME = AppIcon;
				ASSETCATALOG_COMPILER_GLOBAL_ACCENT_COLOR_NAME = AccentColor;
				CODE_SIGN_STYLE = Automatic;
				CURRENT_PROJECT_VERSION = 1;
				DEVELOPMENT_ASSET_PATHS = "\"GestureAnimator/Preview Content\"";
				DEVELOPMENT_TEAM = 2UJ9X3LS74;
				ENABLE_PREVIEWS = YES;
				GENERATE_INFOPLIST_FILE = YES;
				INFOPLIST_KEY_UIApplicationSceneManifest_Generation = YES;
				INFOPLIST_KEY_UIApplicationSupportsIndirectInputEvents = YES;
				INFOPLIST_KEY_UILaunchScreen_Generation = YES;
				INFOPLIST_KEY_UISupportedInterfaceOrientations_iPad = "UIInterfaceOrientationPortrait UIInterfaceOrientationPortraitUpsideDown UIInterfaceOrientationLandscapeLeft UIInterfaceOrientationLandscapeRight";
				INFOPLIST_KEY_UISupportedInterfaceOrientations_iPhone = "UIInterfaceOrientationPortrait UIInterfaceOrientationLandscapeLeft UIInterfaceOrientationLandscapeRight";
				LD_RUNPATH_SEARCH_PATHS = (
					"$(inherited)",
					"@executable_path/Frameworks",
				);
				MARKETING_VERSION = 1.0;
				PRODUCT_BUNDLE_IDENTIFIER = com.iexportapps.GestureAnimator;
				PRODUCT_NAME = "$(TARGET_NAME)";
				SWIFT_EMIT_LOC_STRINGS = YES;
				SWIFT_VERSION = 5.0;
				TARGETED_DEVICE_FAMILY = "1,2";
			};
			name = Debug;
		};
		5440979C2DB2D497003E69E7 /* Release */ = {
			isa = XCBuildConfiguration;
			buildSettings = {
				ASSETCATALOG_COMPILER_APPICON_NAME = AppIcon;
				ASSETCATALOG_COMPILER_GLOBAL_ACCENT_COLOR_NAME = AccentColor;
				CODE_SIGN_STYLE = Automatic;
				CURRENT_PROJECT_VERSION = 1;
				DEVELOPMENT_ASSET_PATHS = "\"GestureAnimator/Preview Content\"";
				DEVELOPMENT_TEAM = 2UJ9X3LS74;
				ENABLE_PREVIEWS = YES;
				GENERATE_INFOPLIST_FILE = YES;
				INFOPLIST_KEY_UIApplicationSceneManifest_Generation = YES;
				INFOPLIST_KEY_UIApplicationSupportsIndirectInputEvents = YES;
				INFOPLIST_KEY_UILaunchScreen_Generation = YES;
				INFOPLIST_KEY_UISupportedInterfaceOrientations_iPad = "UIInterfaceOrientationPortrait UIInterfaceOrientationPortraitUpsideDown UIInterfaceOrientationLandscapeLeft UIInterfaceOrientationLandscapeRight";
				INFOPLIST_KEY_UISupportedInterfaceOrientations_iPhone = "UIInterfaceOrientationPortrait UIInterfaceOrientationLandscapeLeft UIInterfaceOrientationLandscapeRight";
				LD_RUNPATH_SEARCH_PATHS = (
					"$(inherited)",
					"@executable_path/Frameworks",
				);
				MARKETING_VERSION = 1.0;
				PRODUCT_BUNDLE_IDENTIFIER = com.iexportapps.GestureAnimator;
				PRODUCT_NAME = "$(TARGET_NAME)";
				SWIFT_EMIT_LOC_STRINGS = YES;
				SWIFT_VERSION = 5.0;
				TARGETED_DEVICE_FAMILY = "1,2";
			};
			name = Release;
		};
		5440979E2DB2D497003E69E7 /* Debug */ = {
			isa = XCBuildConfiguration;
			buildSettings = {
				ALWAYS_EMBED_SWIFT_STANDARD_LIBRARIES = YES;
				BUNDLE_LOADER = "$(TEST_HOST)";
				CODE_SIGN_STYLE = Automatic;
				CURRENT_PROJECT_VERSION = 1;
				DEVELOPMENT_TEAM = 2UJ9X3LS74;
				GENERATE_INFOPLIST_FILE = YES;
				IPHONEOS_DEPLOYMENT_TARGET = 16.2;
				MARKETING_VERSION = 1.0;
				PRODUCT_BUNDLE_IDENTIFIER = com.iexportapps.GestureAnimatorTests;
				PRODUCT_NAME = "$(TARGET_NAME)";
				SWIFT_EMIT_LOC_STRINGS = NO;
				SWIFT_VERSION = 5.0;
				TARGETED_DEVICE_FAMILY = "1,2";
				TEST_HOST = "$(BUILT_PRODUCTS_DIR)/GestureAnimator.app/$(BUNDLE_EXECUTABLE_FOLDER_PATH)/GestureAnimator";
			};
			name = Debug;
		};
		5440979F2DB2D497003E69E7 /* Release */ = {
			isa = XCBuildConfiguration;
			buildSettings = {
				ALWAYS_EMBED_SWIFT_STANDARD_LIBRARIES = YES;
				BUNDLE_LOADER = "$(TEST_HOST)";
				CODE_SIGN_STYLE = Automatic;
				CURRENT_PROJECT_VERSION = 1;
				DEVELOPMENT_TEAM = 2UJ9X3LS74;
				GENERATE_INFOPLIST_FILE = YES;
				IPHONEOS_DEPLOYMENT_TARGET = 16.2;
				MARKETING_VERSION = 1.0;
				PRODUCT_BUNDLE_IDENTIFIER = com.iexportapps.GestureAnimatorTests;
				PRODUCT_NAME = "$(TARGET_NAME)";
				SWIFT_EMIT_LOC_STRINGS = NO;
				SWIFT_VERSION = 5.0;
				TARGETED_DEVICE_FAMILY = "1,2";
				TEST_HOST = "$(BUILT_PRODUCTS_DIR)/GestureAnimator.app/$(BUNDLE_EXECUTABLE_FOLDER_PATH)/GestureAnimator";
			};
			name = Release;
		};
		544097A12DB2D497003E69E7 /* Debug */ = {
			isa = XCBuildConfiguration;
			buildSettings = {
				ALWAYS_EMBED_SWIFT_STANDARD_LIBRARIES = YES;
				CODE_SIGN_STYLE = Automatic;
				CURRENT_PROJECT_VERSION = 1;
				DEVELOPMENT_TEAM = 2UJ9X3LS74;
				GENERATE_INFOPLIST_FILE = YES;
				MARKETING_VERSION = 1.0;
				PRODUCT_BUNDLE_IDENTIFIER = com.iexportapps.GestureAnimatorUITests;
				PRODUCT_NAME = "$(TARGET_NAME)";
				SWIFT_EMIT_LOC_STRINGS = NO;
				SWIFT_VERSION = 5.0;
				TARGETED_DEVICE_FAMILY = "1,2";
				TEST_TARGET_NAME = GestureAnimator;
			};
			name = Debug;
		};
		544097A22DB2D497003E69E7 /* Release */ = {
			isa = XCBuildConfiguration;
			buildSettings = {
				ALWAYS_EMBED_SWIFT_STANDARD_LIBRARIES = YES;
				CODE_SIGN_STYLE = Automatic;
				CURRENT_PROJECT_VERSION = 1;
				DEVELOPMENT_TEAM = 2UJ9X3LS74;
				GENERATE_INFOPLIST_FILE = YES;
				MARKETING_VERSION = 1.0;
				PRODUCT_BUNDLE_IDENTIFIER = com.iexportapps.GestureAnimatorUITests;
				PRODUCT_NAME = "$(TARGET_NAME)";
				SWIFT_EMIT_LOC_STRINGS = NO;
				SWIFT_VERSION = 5.0;
				TARGETED_DEVICE_FAMILY = "1,2";
				TEST_TARGET_NAME = GestureAnimator;
			};
			name = Release;
		};
/* End XCBuildConfiguration section */

/* Begin XCConfigurationList section */
		544097712DB2D495003E69E7 /* Build configuration list for PBXProject "GestureAnimator" */ = {
			isa = XCConfigurationList;
			buildConfigurations = (
				544097982DB2D497003E69E7 /* Debug */,
				544097992DB2D497003E69E7 /* Release */,
			);
			defaultConfigurationIsVisible = 0;
			defaultConfigurationName = Release;
		};
		5440979A2DB2D497003E69E7 /* Build configuration list for PBXNativeTarget "GestureAnimator" */ = {
			isa = XCConfigurationList;
			buildConfigurations = (
				5440979B2DB2D497003E69E7 /* Debug */,
				5440979C2DB2D497003E69E7 /* Release */,
			);
			defaultConfigurationIsVisible = 0;
			defaultConfigurationName = Release;
		};
		5440979D2DB2D497003E69E7 /* Build configuration list for PBXNativeTarget "GestureAnimatorTests" */ = {
			isa = XCConfigurationList;
			buildConfigurations = (
				5440979E2DB2D497003E69E7 /* Debug */,
				5440979F2DB2D497003E69E7 /* Release */,
			);
			defaultConfigurationIsVisible = 0;
			defaultConfigurationName = Release;
		};
		544097A02DB2D497003E69E7 /* Build configuration list for PBXNativeTarget "GestureAnimatorUITests" */ = {
			isa = XCConfigurationList;
			buildConfigurations = (
				544097A12DB2D497003E69E7 /* Debug */,
				544097A22DB2D497003E69E7 /* Release */,
			);
			defaultConfigurationIsVisible = 0;
			defaultConfigurationName = Release;
		};
/* End XCConfigurationList section */
	};
	rootObject = 5440976E2DB2D495003E69E7 /* Project object */;
}
